// !$*UTF8*$!
{
	archiveVersion = 1;
	classes = {
	};
	objectVersion = 56;
	objects = {

/* Begin PBXBuildFile section */
		6B9B85992B2A991900DF76DA /* libavcodec.60.3.100.dylib in Frameworks */ = {isa = PBXBuildFile; fileRef = 6B9B85972B2A991900DF76DA /* libavcodec.60.3.100.dylib */; };
		6BEF70E92B3046820022013B /* libpng16.16.dylib in Frameworks */ = {isa = PBXBuildFile; fileRef = 6BEF70E82B3046810022013B /* libpng16.16.dylib */; };
		6BEF70F12B3046E40022013B /* libswresample.4.10.100.dylib in Frameworks */ = {isa = PBXBuildFile; fileRef = 6BEF70EA2B3046E40022013B /* libswresample.4.10.100.dylib */; };
		6BEF70F22B3046E40022013B /* libavutil.58.2.100.dylib in Frameworks */ = {isa = PBXBuildFile; fileRef = 6BEF70EB2B3046E40022013B /* libavutil.58.2.100.dylib */; };
		6BEF70F32B3046E40022013B /* libavfilter.9.3.100.dylib in Frameworks */ = {isa = PBXBuildFile; fileRef = 6BEF70EC2B3046E40022013B /* libavfilter.9.3.100.dylib */; };
		6BEF70F42B3046E40022013B /* libswscale.7.1.100.dylib in Frameworks */ = {isa = PBXBuildFile; fileRef = 6BEF70ED2B3046E40022013B /* libswscale.7.1.100.dylib */; };
		6BEF70F52B3046E40022013B /* libavformat.60.3.100.dylib in Frameworks */ = {isa = PBXBuildFile; fileRef = 6BEF70EE2B3046E40022013B /* libavformat.60.3.100.dylib */; };
		6BEF70F62B3046E40022013B /* libpostproc.57.1.100.dylib in Frameworks */ = {isa = PBXBuildFile; fileRef = 6BEF70EF2B3046E40022013B /* libpostproc.57.1.100.dylib */; };
		6BEF70F72B3046E40022013B /* libavdevice.60.1.100.dylib in Frameworks */ = {isa = PBXBuildFile; fileRef = 6BEF70F02B3046E40022013B /* libavdevice.60.1.100.dylib */; };
		DD070E062B294332002C36E5 /* main.cc in Sources */ = {isa = PBXBuildFile; fileRef = DD070E052B294332002C36E5 /* main.cc */; };
		DD080D6A2B2B4DD80096133D /* libavcodec.60.3.100.dylib in Frameworks */ = {isa = PBXBuildFile; fileRef = DD080D622B2B4DD80096133D /* libavcodec.60.3.100.dylib */; };
		DD080D6B2B2B4DD80096133D /* libavformat.60.3.100.dylib in Frameworks */ = {isa = PBXBuildFile; fileRef = DD080D632B2B4DD80096133D /* libavformat.60.3.100.dylib */; };
		DD080D6C2B2B4DD80096133D /* libswscale.7.1.100.dylib in Frameworks */ = {isa = PBXBuildFile; fileRef = DD080D642B2B4DD80096133D /* libswscale.7.1.100.dylib */; };
		DD080D6D2B2B4DD80096133D /* libavdevice.60.1.100.dylib in Frameworks */ = {isa = PBXBuildFile; fileRef = DD080D652B2B4DD80096133D /* libavdevice.60.1.100.dylib */; };
		DD080D6E2B2B4DD80096133D /* libavutil.58.2.100.dylib in Frameworks */ = {isa = PBXBuildFile; fileRef = DD080D662B2B4DD80096133D /* libavutil.58.2.100.dylib */; };
		DD080D6F2B2B4DD80096133D /* libavfilter.9.3.100.dylib in Frameworks */ = {isa = PBXBuildFile; fileRef = DD080D672B2B4DD80096133D /* libavfilter.9.3.100.dylib */; };
		DD080D702B2B4DD80096133D /* libpostproc.57.1.100.dylib in Frameworks */ = {isa = PBXBuildFile; fileRef = DD080D682B2B4DD80096133D /* libpostproc.57.1.100.dylib */; };
		DD080D712B2B4DD80096133D /* libswresample.4.10.100.dylib in Frameworks */ = {isa = PBXBuildFile; fileRef = DD080D692B2B4DD80096133D /* libswresample.4.10.100.dylib */; };
		DD080D742B2B595B0096133D /* libpng16.16.dylib in Frameworks */ = {isa = PBXBuildFile; fileRef = DD080D732B2B595B0096133D /* libpng16.16.dylib */; };
		DD39B5B72B3096C300A506C1 /* libfmt.dylib in Frameworks */ = {isa = PBXBuildFile; fileRef = DD39B5B62B3096C300A506C1 /* libfmt.dylib */; };
		DD8700C22B308F4F00F9D753 /* video_codec.cpp in Sources */ = {isa = PBXBuildFile; fileRef = DD8700C02B308F4F00F9D753 /* video_codec.cpp */; };
		DD8700C42B3091F900F9D753 /* libspdlog.1.12.0.dylib in Frameworks */ = {isa = PBXBuildFile; fileRef = DD8700C32B3091F900F9D753 /* libspdlog.1.12.0.dylib */; };
		DD8700C72B30923E00F9D753 /* video_codec_impl.c in Sources */ = {isa = PBXBuildFile; fileRef = DD8700C62B30923E00F9D753 /* video_codec_impl.c */; };
/* End PBXBuildFile section */

/* Begin PBXCopyFilesBuildPhase section */
		DD070E002B294332002C36E5 /* CopyFiles */ = {
			isa = PBXCopyFilesBuildPhase;
			buildActionMask = 2147483647;
			dstPath = /usr/share/man/man1/;
			dstSubfolderSpec = 0;
			files = (
			);
			runOnlyForDeploymentPostprocessing = 1;
		};
/* End PBXCopyFilesBuildPhase section */

/* Begin PBXFileReference section */
		6B9B85972B2A991900DF76DA /* libavcodec.60.3.100.dylib */ = {isa = PBXFileReference; lastKnownFileType = "compiled.mach-o.dylib"; name = libavcodec.60.3.100.dylib; path = ../../../../usr/local/Cellar/ffmpeg/6.0/lib/libavcodec.60.3.100.dylib; sourceTree = "<group>"; };
		6BEF70E82B3046810022013B /* libpng16.16.dylib */ = {isa = PBXFileReference; lastKnownFileType = "compiled.mach-o.dylib"; name = libpng16.16.dylib; path = ../../../../usr/local/Cellar/libpng/1.6.40/lib/libpng16.16.dylib; sourceTree = "<group>"; };
		6BEF70EA2B3046E40022013B /* libswresample.4.10.100.dylib */ = {isa = PBXFileReference; lastKnownFileType = "compiled.mach-o.dylib"; name = libswresample.4.10.100.dylib; path = ../../../../usr/local/Cellar/ffmpeg/6.0/lib/libswresample.4.10.100.dylib; sourceTree = "<group>"; };
		6BEF70EB2B3046E40022013B /* libavutil.58.2.100.dylib */ = {isa = PBXFileReference; lastKnownFileType = "compiled.mach-o.dylib"; name = libavutil.58.2.100.dylib; path = ../../../../usr/local/Cellar/ffmpeg/6.0/lib/libavutil.58.2.100.dylib; sourceTree = "<group>"; };
		6BEF70EC2B3046E40022013B /* libavfilter.9.3.100.dylib */ = {isa = PBXFileReference; lastKnownFileType = "compiled.mach-o.dylib"; name = libavfilter.9.3.100.dylib; path = ../../../../usr/local/Cellar/ffmpeg/6.0/lib/libavfilter.9.3.100.dylib; sourceTree = "<group>"; };
		6BEF70ED2B3046E40022013B /* libswscale.7.1.100.dylib */ = {isa = PBXFileReference; lastKnownFileType = "compiled.mach-o.dylib"; name = libswscale.7.1.100.dylib; path = ../../../../usr/local/Cellar/ffmpeg/6.0/lib/libswscale.7.1.100.dylib; sourceTree = "<group>"; };
		6BEF70EE2B3046E40022013B /* libavformat.60.3.100.dylib */ = {isa = PBXFileReference; lastKnownFileType = "compiled.mach-o.dylib"; name = libavformat.60.3.100.dylib; path = ../../../../usr/local/Cellar/ffmpeg/6.0/lib/libavformat.60.3.100.dylib; sourceTree = "<group>"; };
		6BEF70EF2B3046E40022013B /* libpostproc.57.1.100.dylib */ = {isa = PBXFileReference; lastKnownFileType = "compiled.mach-o.dylib"; name = libpostproc.57.1.100.dylib; path = ../../../../usr/local/Cellar/ffmpeg/6.0/lib/libpostproc.57.1.100.dylib; sourceTree = "<group>"; };
		6BEF70F02B3046E40022013B /* libavdevice.60.1.100.dylib */ = {isa = PBXFileReference; lastKnownFileType = "compiled.mach-o.dylib"; name = libavdevice.60.1.100.dylib; path = ../../../../usr/local/Cellar/ffmpeg/6.0/lib/libavdevice.60.1.100.dylib; sourceTree = "<group>"; };
		DD070E022B294332002C36E5 /* QVideoPlayer */ = {isa = PBXFileReference; explicitFileType = "compiled.mach-o.executable"; includeInIndex = 0; path = QVideoPlayer; sourceTree = BUILT_PRODUCTS_DIR; };
		DD070E052B294332002C36E5 /* main.cc */ = {isa = PBXFileReference; lastKnownFileType = sourcecode.cpp.cpp; path = main.cc; sourceTree = "<group>"; };
		DD080D622B2B4DD80096133D /* libavcodec.60.3.100.dylib */ = {isa = PBXFileReference; lastKnownFileType = "compiled.mach-o.dylib"; name = libavcodec.60.3.100.dylib; path = ../../../../opt/homebrew/Cellar/ffmpeg/6.0_1/lib/libavcodec.60.3.100.dylib; sourceTree = "<group>"; };
		DD080D632B2B4DD80096133D /* libavformat.60.3.100.dylib */ = {isa = PBXFileReference; lastKnownFileType = "compiled.mach-o.dylib"; name = libavformat.60.3.100.dylib; path = ../../../../opt/homebrew/Cellar/ffmpeg/6.0_1/lib/libavformat.60.3.100.dylib; sourceTree = "<group>"; };
		DD080D642B2B4DD80096133D /* libswscale.7.1.100.dylib */ = {isa = PBXFileReference; lastKnownFileType = "compiled.mach-o.dylib"; name = libswscale.7.1.100.dylib; path = ../../../../opt/homebrew/Cellar/ffmpeg/6.0_1/lib/libswscale.7.1.100.dylib; sourceTree = "<group>"; };
		DD080D652B2B4DD80096133D /* libavdevice.60.1.100.dylib */ = {isa = PBXFileReference; lastKnownFileType = "compiled.mach-o.dylib"; name = libavdevice.60.1.100.dylib; path = ../../../../opt/homebrew/Cellar/ffmpeg/6.0_1/lib/libavdevice.60.1.100.dylib; sourceTree = "<group>"; };
		DD080D662B2B4DD80096133D /* libavutil.58.2.100.dylib */ = {isa = PBXFileReference; lastKnownFileType = "compiled.mach-o.dylib"; name = libavutil.58.2.100.dylib; path = ../../../../opt/homebrew/Cellar/ffmpeg/6.0_1/lib/libavutil.58.2.100.dylib; sourceTree = "<group>"; };
		DD080D672B2B4DD80096133D /* libavfilter.9.3.100.dylib */ = {isa = PBXFileReference; lastKnownFileType = "compiled.mach-o.dylib"; name = libavfilter.9.3.100.dylib; path = ../../../../opt/homebrew/Cellar/ffmpeg/6.0_1/lib/libavfilter.9.3.100.dylib; sourceTree = "<group>"; };
		DD080D682B2B4DD80096133D /* libpostproc.57.1.100.dylib */ = {isa = PBXFileReference; lastKnownFileType = "compiled.mach-o.dylib"; name = libpostproc.57.1.100.dylib; path = ../../../../opt/homebrew/Cellar/ffmpeg/6.0_1/lib/libpostproc.57.1.100.dylib; sourceTree = "<group>"; };
		DD080D692B2B4DD80096133D /* libswresample.4.10.100.dylib */ = {isa = PBXFileReference; lastKnownFileType = "compiled.mach-o.dylib"; name = libswresample.4.10.100.dylib; path = ../../../../opt/homebrew/Cellar/ffmpeg/6.0_1/lib/libswresample.4.10.100.dylib; sourceTree = "<group>"; };
		DD080D732B2B595B0096133D /* libpng16.16.dylib */ = {isa = PBXFileReference; lastKnownFileType = "compiled.mach-o.dylib"; name = libpng16.16.dylib; path = ../../../../opt/homebrew/Cellar/libpng/1.6.40/lib/libpng16.16.dylib; sourceTree = "<group>"; };
		DD39B5B62B3096C300A506C1 /* libfmt.dylib */ = {isa = PBXFileReference; lastKnownFileType = "compiled.mach-o.dylib"; name = libfmt.dylib; path = ../../../../opt/homebrew/Cellar/fmt/10.1.1/lib/libfmt.dylib; sourceTree = "<group>"; };
		DD8700BE2B308ED600F9D753 /* concurrentqueue.h */ = {isa = PBXFileReference; fileEncoding = 4; lastKnownFileType = sourcecode.c.h; path = concurrentqueue.h; sourceTree = "<group>"; };
		DD8700C02B308F4F00F9D753 /* video_codec.cpp */ = {isa = PBXFileReference; lastKnownFileType = sourcecode.cpp.cpp; path = video_codec.cpp; sourceTree = "<group>"; };
		DD8700C12B308F4F00F9D753 /* video_codec.hpp */ = {isa = PBXFileReference; lastKnownFileType = sourcecode.cpp.h; path = video_codec.hpp; sourceTree = "<group>"; };
		DD8700C32B3091F900F9D753 /* libspdlog.1.12.0.dylib */ = {isa = PBXFileReference; lastKnownFileType = "compiled.mach-o.dylib"; name = libspdlog.1.12.0.dylib; path = ../../../../opt/homebrew/Cellar/spdlog/1.12.0/lib/libspdlog.1.12.0.dylib; sourceTree = "<group>"; };
		DD8700C52B30923E00F9D753 /* video_codec_impl.h */ = {isa = PBXFileReference; lastKnownFileType = sourcecode.c.h; path = video_codec_impl.h; sourceTree = "<group>"; };
		DD8700C62B30923E00F9D753 /* video_codec_impl.c */ = {isa = PBXFileReference; lastKnownFileType = sourcecode.c.c; path = video_codec_impl.c; sourceTree = "<group>"; };
/* End PBXFileReference section */

/* Begin PBXFrameworksBuildPhase section */
		DD070DFF2B294332002C36E5 /* Frameworks */ = {
			isa = PBXFrameworksBuildPhase;
			buildActionMask = 2147483647;
			files = (
				DD8700C42B3091F900F9D753 /* libspdlog.1.12.0.dylib in Frameworks */,
				6BEF70F12B3046E40022013B /* libswresample.4.10.100.dylib in Frameworks */,
				6BEF70F22B3046E40022013B /* libavutil.58.2.100.dylib in Frameworks */,
				6BEF70F32B3046E40022013B /* libavfilter.9.3.100.dylib in Frameworks */,
				6BEF70F42B3046E40022013B /* libswscale.7.1.100.dylib in Frameworks */,
				6BEF70F52B3046E40022013B /* libavformat.60.3.100.dylib in Frameworks */,
				6BEF70F62B3046E40022013B /* libpostproc.57.1.100.dylib in Frameworks */,
				6BEF70F72B3046E40022013B /* libavdevice.60.1.100.dylib in Frameworks */,
				6B9B85992B2A991900DF76DA /* libavcodec.60.3.100.dylib in Frameworks */,
				6BEF70E92B3046820022013B /* libpng16.16.dylib in Frameworks */,
				DD39B5B72B3096C300A506C1 /* libfmt.dylib in Frameworks */,
				DD080D742B2B595B0096133D /* libpng16.16.dylib in Frameworks */,
				DD080D6A2B2B4DD80096133D /* libavcodec.60.3.100.dylib in Frameworks */,
				DD080D6B2B2B4DD80096133D /* libavformat.60.3.100.dylib in Frameworks */,
				DD080D6C2B2B4DD80096133D /* libswscale.7.1.100.dylib in Frameworks */,
				DD080D6D2B2B4DD80096133D /* libavdevice.60.1.100.dylib in Frameworks */,
				DD080D6E2B2B4DD80096133D /* libavutil.58.2.100.dylib in Frameworks */,
				DD080D6F2B2B4DD80096133D /* libavfilter.9.3.100.dylib in Frameworks */,
				DD080D702B2B4DD80096133D /* libpostproc.57.1.100.dylib in Frameworks */,
				DD080D712B2B4DD80096133D /* libswresample.4.10.100.dylib in Frameworks */,
			);
			runOnlyForDeploymentPostprocessing = 0;
		};
/* End PBXFrameworksBuildPhase section */

/* Begin PBXGroup section */
		6B9B85962B2A991800DF76DA /* Frameworks */ = {
			isa = PBXGroup;
			children = (
				DD39B5B62B3096C300A506C1 /* libfmt.dylib */,
				DD8700C32B3091F900F9D753 /* libspdlog.1.12.0.dylib */,
				6BEF70F02B3046E40022013B /* libavdevice.60.1.100.dylib */,
				6BEF70EC2B3046E40022013B /* libavfilter.9.3.100.dylib */,
				6BEF70EE2B3046E40022013B /* libavformat.60.3.100.dylib */,
				6BEF70EB2B3046E40022013B /* libavutil.58.2.100.dylib */,
				6BEF70EF2B3046E40022013B /* libpostproc.57.1.100.dylib */,
				6BEF70EA2B3046E40022013B /* libswresample.4.10.100.dylib */,
				6BEF70ED2B3046E40022013B /* libswscale.7.1.100.dylib */,
				DD080D732B2B595B0096133D /* libpng16.16.dylib */,
				6BEF70E82B3046810022013B /* libpng16.16.dylib */,
				DD080D622B2B4DD80096133D /* libavcodec.60.3.100.dylib */,
				DD080D652B2B4DD80096133D /* libavdevice.60.1.100.dylib */,
				DD080D672B2B4DD80096133D /* libavfilter.9.3.100.dylib */,
				DD080D632B2B4DD80096133D /* libavformat.60.3.100.dylib */,
				DD080D662B2B4DD80096133D /* libavutil.58.2.100.dylib */,
				DD080D682B2B4DD80096133D /* libpostproc.57.1.100.dylib */,
				DD080D692B2B4DD80096133D /* libswresample.4.10.100.dylib */,
				DD080D642B2B4DD80096133D /* libswscale.7.1.100.dylib */,
				6B9B85972B2A991900DF76DA /* libavcodec.60.3.100.dylib */,
			);
			name = Frameworks;
			sourceTree = "<group>";
		};
		DD070DF92B294332002C36E5 = {
			isa = PBXGroup;
			children = (
				DD070E042B294332002C36E5 /* QVideoPlayer */,
				DD070E032B294332002C36E5 /* Products */,
				6B9B85962B2A991800DF76DA /* Frameworks */,
			);
			sourceTree = "<group>";
		};
		DD070E032B294332002C36E5 /* Products */ = {
			isa = PBXGroup;
			children = (
				DD070E022B294332002C36E5 /* QVideoPlayer */,
			);
			name = Products;
			sourceTree = "<group>";
		};
		DD070E042B294332002C36E5 /* QVideoPlayer */ = {
			isa = PBXGroup;
			children = (
				DD070E052B294332002C36E5 /* main.cc */,
				DD8700BE2B308ED600F9D753 /* concurrentqueue.h */,
				DD8700C02B308F4F00F9D753 /* video_codec.cpp */,
				DD8700C12B308F4F00F9D753 /* video_codec.hpp */,
				DD8700C52B30923E00F9D753 /* video_codec_impl.h */,
				DD8700C62B30923E00F9D753 /* video_codec_impl.c */,
			);
			path = QVideoPlayer;
			sourceTree = "<group>";
		};
/* End PBXGroup section */

/* Begin PBXNativeTarget section */
		DD070E012B294332002C36E5 /* QVideoPlayer */ = {
			isa = PBXNativeTarget;
			buildConfigurationList = DD070E092B294332002C36E5 /* Build configuration list for PBXNativeTarget "QVideoPlayer" */;
			buildPhases = (
				DD070DFE2B294332002C36E5 /* Sources */,
				DD070DFF2B294332002C36E5 /* Frameworks */,
				DD070E002B294332002C36E5 /* CopyFiles */,
			);
			buildRules = (
			);
			dependencies = (
			);
			name = QVideoPlayer;
			productName = QVideoPlayer;
			productReference = DD070E022B294332002C36E5 /* QVideoPlayer */;
			productType = "com.apple.product-type.tool";
		};
/* End PBXNativeTarget section */

/* Begin PBXProject section */
		DD070DFA2B294332002C36E5 /* Project object */ = {
			isa = PBXProject;
			attributes = {
				BuildIndependentTargetsInParallel = 1;
				LastUpgradeCheck = 1500;
				TargetAttributes = {
					DD070E012B294332002C36E5 = {
						CreatedOnToolsVersion = 15.0;
					};
				};
			};
			buildConfigurationList = DD070DFD2B294332002C36E5 /* Build configuration list for PBXProject "QVideoPlayer" */;
			compatibilityVersion = "Xcode 14.0";
			developmentRegion = en;
			hasScannedForEncodings = 0;
			knownRegions = (
				en,
				Base,
			);
			mainGroup = DD070DF92B294332002C36E5;
			productRefGroup = DD070E032B294332002C36E5 /* Products */;
			projectDirPath = "";
			projectRoot = "";
			targets = (
				DD070E012B294332002C36E5 /* QVideoPlayer */,
			);
		};
/* End PBXProject section */

/* Begin PBXSourcesBuildPhase section */
		DD070DFE2B294332002C36E5 /* Sources */ = {
			isa = PBXSourcesBuildPhase;
			buildActionMask = 2147483647;
			files = (
				DD8700C22B308F4F00F9D753 /* video_codec.cpp in Sources */,
				DD8700C72B30923E00F9D753 /* video_codec_impl.c in Sources */,
				DD070E062B294332002C36E5 /* main.cc in Sources */,
			);
			runOnlyForDeploymentPostprocessing = 0;
		};
/* End PBXSourcesBuildPhase section */

/* Begin XCBuildConfiguration section */
		DD070E072B294332002C36E5 /* Debug */ = {
			isa = XCBuildConfiguration;
			buildSettings = {
				ALWAYS_SEARCH_USER_PATHS = NO;
				ASSETCATALOG_COMPILER_GENERATE_SWIFT_ASSET_SYMBOL_EXTENSIONS = YES;
				CLANG_ANALYZER_NONNULL = YES;
				CLANG_ANALYZER_NUMBER_OBJECT_CONVERSION = YES_AGGRESSIVE;
				CLANG_CXX_LANGUAGE_STANDARD = "c++17";
				CLANG_ENABLE_MODULES = YES;
				CLANG_ENABLE_OBJC_ARC = YES;
				CLANG_ENABLE_OBJC_WEAK = YES;
				CLANG_WARN_BLOCK_CAPTURE_AUTORELEASING = YES;
				CLANG_WARN_BOOL_CONVERSION = YES;
				CLANG_WARN_COMMA = YES;
				CLANG_WARN_CONSTANT_CONVERSION = YES;
				CLANG_WARN_DEPRECATED_OBJC_IMPLEMENTATIONS = YES;
				CLANG_WARN_DIRECT_OBJC_ISA_USAGE = YES_ERROR;
				CLANG_WARN_DOCUMENTATION_COMMENTS = YES;
				CLANG_WARN_EMPTY_BODY = YES;
				CLANG_WARN_ENUM_CONVERSION = YES;
				CLANG_WARN_INFINITE_RECURSION = YES;
				CLANG_WARN_INT_CONVERSION = YES;
				CLANG_WARN_NON_LITERAL_NULL_CONVERSION = YES;
				CLANG_WARN_OBJC_IMPLICIT_RETAIN_SELF = YES;
				CLANG_WARN_OBJC_LITERAL_CONVERSION = YES;
				CLANG_WARN_OBJC_ROOT_CLASS = YES_ERROR;
				CLANG_WARN_QUOTED_INCLUDE_IN_FRAMEWORK_HEADER = YES;
				CLANG_WARN_RANGE_LOOP_ANALYSIS = YES;
				CLANG_WARN_STRICT_PROTOTYPES = YES;
				CLANG_WARN_SUSPICIOUS_MOVE = YES;
				CLANG_WARN_UNGUARDED_AVAILABILITY = YES_AGGRESSIVE;
				CLANG_WARN_UNREACHABLE_CODE = YES;
				CLANG_WARN__DUPLICATE_METHOD_MATCH = YES;
				COPY_PHASE_STRIP = NO;
				DEBUG_INFORMATION_FORMAT = dwarf;
				ENABLE_STRICT_OBJC_MSGSEND = YES;
				ENABLE_TESTABILITY = YES;
				ENABLE_USER_SCRIPT_SANDBOXING = YES;
				GCC_C_LANGUAGE_STANDARD = gnu17;
				GCC_DYNAMIC_NO_PIC = NO;
				GCC_NO_COMMON_BLOCKS = YES;
				GCC_OPTIMIZATION_LEVEL = 0;
				GCC_PREPROCESSOR_DEFINITIONS = (
					"DEBUG=1",
					"$(inherited)",
				);
				GCC_WARN_64_TO_32_BIT_CONVERSION = YES;
				GCC_WARN_ABOUT_RETURN_TYPE = YES_ERROR;
				GCC_WARN_UNDECLARED_SELECTOR = YES;
				GCC_WARN_UNINITIALIZED_AUTOS = YES_AGGRESSIVE;
				GCC_WARN_UNUSED_FUNCTION = YES;
				GCC_WARN_UNUSED_VARIABLE = YES;
				HEADER_SEARCH_PATHS = (
					/usr/local/Cellar/ffmpeg/6.0/include,
					/opt/homebrew/Cellar/ffmpeg/6.0_1/include,
					/opt/homebrew/Cellar/libpng/1.6.40/include,
					/usr/local/Cellar/libpng/1.6.40/include,
					/usr/local/include,
					/opt/homebrew/Cellar/spdlog/1.12.0/include,
					/opt/homebrew/Cellar/fmt/10.1.1/include,
				);
				LIBRARY_SEARCH_PATHS = (
					/usr/local/Cellar/ffmpeg/6.0/lib,
					/opt/homebrew/Cellar/ffmpeg/6.0_1/lib,
				);
				LOCALIZATION_PREFERS_STRING_CATALOGS = YES;
				MACOSX_DEPLOYMENT_TARGET = 14.0;
				MTL_ENABLE_DEBUG_INFO = INCLUDE_SOURCE;
				MTL_FAST_MATH = YES;
				ONLY_ACTIVE_ARCH = YES;
				SDKROOT = macosx;
			};
			name = Debug;
		};
		DD070E082B294332002C36E5 /* Release */ = {
			isa = XCBuildConfiguration;
			buildSettings = {
				ALWAYS_SEARCH_USER_PATHS = NO;
				ASSETCATALOG_COMPILER_GENERATE_SWIFT_ASSET_SYMBOL_EXTENSIONS = YES;
				CLANG_ANALYZER_NONNULL = YES;
				CLANG_ANALYZER_NUMBER_OBJECT_CONVERSION = YES_AGGRESSIVE;
				CLANG_CXX_LANGUAGE_STANDARD = "c++17";
				CLANG_ENABLE_MODULES = YES;
				CLANG_ENABLE_OBJC_ARC = YES;
				CLANG_ENABLE_OBJC_WEAK = YES;
				CLANG_WARN_BLOCK_CAPTURE_AUTORELEASING = YES;
				CLANG_WARN_BOOL_CONVERSION = YES;
				CLANG_WARN_COMMA = YES;
				CLANG_WARN_CONSTANT_CONVERSION = YES;
				CLANG_WARN_DEPRECATED_OBJC_IMPLEMENTATIONS = YES;
				CLANG_WARN_DIRECT_OBJC_ISA_USAGE = YES_ERROR;
				CLANG_WARN_DOCUMENTATION_COMMENTS = YES;
				CLANG_WARN_EMPTY_BODY = YES;
				CLANG_WARN_ENUM_CONVERSION = YES;
				CLANG_WARN_INFINITE_RECURSION = YES;
				CLANG_WARN_INT_CONVERSION = YES;
				CLANG_WARN_NON_LITERAL_NULL_CONVERSION = YES;
				CLANG_WARN_OBJC_IMPLICIT_RETAIN_SELF = YES;
				CLANG_WARN_OBJC_LITERAL_CONVERSION = YES;
				CLANG_WARN_OBJC_ROOT_CLASS = YES_ERROR;
				CLANG_WARN_QUOTED_INCLUDE_IN_FRAMEWORK_HEADER = YES;
				CLANG_WARN_RANGE_LOOP_ANALYSIS = YES;
				CLANG_WARN_STRICT_PROTOTYPES = YES;
				CLANG_WARN_SUSPICIOUS_MOVE = YES;
				CLANG_WARN_UNGUARDED_AVAILABILITY = YES_AGGRESSIVE;
				CLANG_WARN_UNREACHABLE_CODE = YES;
				CLANG_WARN__DUPLICATE_METHOD_MATCH = YES;
				COPY_PHASE_STRIP = NO;
				DEBUG_INFORMATION_FORMAT = "dwarf-with-dsym";
				ENABLE_NS_ASSERTIONS = NO;
				ENABLE_STRICT_OBJC_MSGSEND = YES;
				ENABLE_USER_SCRIPT_SANDBOXING = YES;
				GCC_C_LANGUAGE_STANDARD = gnu17;
				GCC_NO_COMMON_BLOCKS = YES;
				GCC_WARN_64_TO_32_BIT_CONVERSION = YES;
				GCC_WARN_ABOUT_RETURN_TYPE = YES_ERROR;
				GCC_WARN_UNDECLARED_SELECTOR = YES;
				GCC_WARN_UNINITIALIZED_AUTOS = YES_AGGRESSIVE;
				GCC_WARN_UNUSED_FUNCTION = YES;
				GCC_WARN_UNUSED_VARIABLE = YES;
				HEADER_SEARCH_PATHS = (
					/usr/local/Cellar/ffmpeg/6.0/include,
					/opt/homebrew/Cellar/ffmpeg/6.0_1/include,
					/opt/homebrew/Cellar/libpng/1.6.40/include,
					/usr/local/Cellar/libpng/1.6.40/include,
					/usr/local/include,
					/opt/homebrew/Cellar/spdlog/1.12.0/include,
					/opt/homebrew/Cellar/fmt/10.1.1/include,
				);
				LIBRARY_SEARCH_PATHS = (
					/usr/local/Cellar/ffmpeg/6.0/lib,
					/opt/homebrew/Cellar/ffmpeg/6.0_1/lib,
				);
				LOCALIZATION_PREFERS_STRING_CATALOGS = YES;
				MACOSX_DEPLOYMENT_TARGET = 14.0;
				MTL_ENABLE_DEBUG_INFO = NO;
				MTL_FAST_MATH = YES;
				SDKROOT = macosx;
			};
			name = Release;
		};
		DD070E0A2B294332002C36E5 /* Debug */ = {
			isa = XCBuildConfiguration;
			buildSettings = {
				CODE_SIGN_STYLE = Automatic;
				LIBRARY_SEARCH_PATHS = (
					"$(inherited)",
					/opt/homebrew/Cellar/libpng/1.6.40/lib,
					/usr/local/Cellar/libpng/1.6.40/lib,
					/opt/homebrew/Cellar/spdlog/1.12.0/lib,
					/opt/homebrew/Cellar/fmt/10.1.1/lib,
				);
				PRODUCT_NAME = "$(TARGET_NAME)";
			};
			name = Debug;
		};
		DD070E0B2B294332002C36E5 /* Release */ = {
			isa = XCBuildConfiguration;
			buildSettings = {
				CODE_SIGN_STYLE = Automatic;
				LIBRARY_SEARCH_PATHS = (
					"$(inherited)",
					/opt/homebrew/Cellar/libpng/1.6.40/lib,
					/usr/local/Cellar/libpng/1.6.40/lib,
					/opt/homebrew/Cellar/spdlog/1.12.0/lib,
					/opt/homebrew/Cellar/fmt/10.1.1/lib,
				);
				PRODUCT_NAME = "$(TARGET_NAME)";
			};
			name = Release;
		};
/* End XCBuildConfiguration section */

/* Begin XCConfigurationList section */
		DD070DFD2B294332002C36E5 /* Build configuration list for PBXProject "QVideoPlayer" */ = {
			isa = XCConfigurationList;
			buildConfigurations = (
				DD070E072B294332002C36E5 /* Debug */,
				DD070E082B294332002C36E5 /* Release */,
			);
			defaultConfigurationIsVisible = 0;
			defaultConfigurationName = Release;
		};
		DD070E092B294332002C36E5 /* Build configuration list for PBXNativeTarget "QVideoPlayer" */ = {
			isa = XCConfigurationList;
			buildConfigurations = (
				DD070E0A2B294332002C36E5 /* Debug */,
				DD070E0B2B294332002C36E5 /* Release */,
			);
			defaultConfigurationIsVisible = 0;
			defaultConfigurationName = Release;
		};
/* End XCConfigurationList section */
	};
	rootObject = DD070DFA2B294332002C36E5 /* Project object */;
}
